
Microsoft Visual Studio Solution File, Format Version 12.00
# Visual Studio 2012
Project("{FAE04EC0-301F-11D3-BF4B-00C04F79EFBC}") = "su", "su\su.csproj", "{7609F453-529C-4C9D-9D0A-5389B97CFC93}"
EndProject
Project("{FAE04EC0-301F-11D3-BF4B-00C04F79EFBC}") = "suc", "suc\suc.csproj", "{EDB3B75C-34C0-4D11-8206-1D2514CF2665}"
EndProject
Global
	GlobalSection(SolutionConfigurationPlatforms) = preSolution
		Debug|Any CPU = Debug|Any CPU
		Release|Any CPU = Release|Any CPU
	EndGlobalSection
	GlobalSection(ProjectConfigurationPlatforms) = postSolution
		{7609F453-529C-4C9D-9D0A-5389B97CFC93}.Debug|Any CPU.ActiveCfg = Debug|Any CPU
		{7609F453-529C-4C9D-9D0A-5389B97CFC93}.Debug|Any CPU.Build.0 = Debug|Any CPU
		{7609F453-529C-4C9D-9D0A-5389B97CFC93}.Release|Any CPU.ActiveCfg = Release|Any CPU
		{7609F453-529C-4C9D-9D0A-5389B97CFC93}.Release|Any CPU.Build.0 = Release|Any CPU
		{EDB3B75C-34C0-4D11-8206-1D2514CF2665}.Debug|Any CPU.ActiveCfg = Debug|Any CPU
		{EDB3B75C-34C0-4D11-8206-1D2514CF2665}.Debug|Any CPU.Build.0 = Debug|Any CPU
		{EDB3B75C-34C0-4D11-8206-1D2514CF2665}.Release|Any CPU.ActiveCfg = Release|Any CPU
		{EDB3B75C-34C0-4D11-8206-1D2514CF2665}.Release|Any CPU.Build.0 = Release|Any CPU
	EndGlobalSection
	GlobalSection(SolutionProperties) = preSolution
		HideSolutionNode = FALSE
	EndGlobalSection
EndGlobal
